{
    "_meta": {
        "hash": {
            "sha256": "6bf4c72f978567b8e6fdd3cf7c838dad6921431be95f89bed6d94a2447d81bce"
        },
        "pipfile-spec": 6,
        "requires": {
            "python_full_version": "3.9.13",
            "python_version": "3.9"
        },
        "sources": [
            {
                "name": "pypi",
                "url": "https://pypi.org/simple",
                "verify_ssl": true
            }
        ]
    },
    "default": {
        "certifi": {
            "hashes": [
                "sha256:0d9c601124e5a6ba9712dbc60d9c53c21e34f5f641fe83002317394311bdce14",
                "sha256:90c1a32f1d68f940488354e36370f6cca89f0f106db09518524c88d6ed83f382"
            ],
            "index": "pypi",
            "version": "==2022.9.24"
        },
        "charset-normalizer": {
            "hashes": [
                "sha256:5a3d016c7c547f69d6f81fb0db9449ce888b418b5b9952cc5e6e66843e9dd845",
                "sha256:83e9a75d1911279afd89352c68b45348559d1fc0506b054b346651b5e7fee29f"
            ],
            "index": "pypi",
            "version": "==2.1.1"
        },
        "idna": {
            "hashes": [
                "sha256:814f528e8dead7d329833b91c5faa87d60bf71824cd12a7530b5526063d02cb4",
                "sha256:90b77e79eaa3eba6de819a0c442c0b4ceefc341a7a2ab77d7562bf49f425c5c2"
            ],
            "index": "pypi",
            "version": "==3.4"
        },
        "numpy": {
            "hashes": [
                "sha256:1408c3527a74a0209c781ac82bde2182b0f0bf54dea6e6a363fe0cc4488a7ce7",
                "sha256:173f28921b15d341afadf6c3898a34f20a0569e4ad5435297ba262ee8941e77b",
                "sha256:1865fdf51446839ca3fffaab172461f2b781163f6f395f1aed256b1ddc253622",
                "sha256:3119daed207e9410eaf57dcf9591fdc68045f60483d94956bee0bfdcba790953",
                "sha256:35590b9c33c0f1c9732b3231bb6a72d1e4f77872390c47d50a615686ae7ed3fd",
                "sha256:37e5ebebb0eb54c5b4a9b04e6f3018e16b8ef257d26c8945925ba8105008e645",
                "sha256:37ece2bd095e9781a7156852e43d18044fd0d742934833335599c583618181b9",
                "sha256:3ab67966c8d45d55a2bdf40701536af6443763907086c0a6d1232688e27e5447",
                "sha256:47f10ab202fe4d8495ff484b5561c65dd59177949ca07975663f4494f7269e3e",
                "sha256:55df0f7483b822855af67e38fb3a526e787adf189383b4934305565d71c4b148",
                "sha256:5d732d17b8a9061540a10fda5bfeabca5785700ab5469a5e9b93aca5e2d3a5fb",
                "sha256:68b69f52e6545af010b76516f5daaef6173e73353e3295c5cb9f96c35d755641",
                "sha256:7e8229f3687cdadba2c4faef39204feb51ef7c1a9b669247d49a24f3e2e1617c",
                "sha256:8002574a6b46ac3b5739a003b5233376aeac5163e5dcd43dd7ad062f3e186129",
                "sha256:876f60de09734fbcb4e27a97c9a286b51284df1326b1ac5f1bf0ad3678236b22",
                "sha256:9ce242162015b7e88092dccd0e854548c0926b75c7924a3495e02c6067aba1f5",
                "sha256:a35c4e64dfca659fe4d0f1421fc0f05b8ed1ca8c46fb73d9e5a7f175f85696bb",
                "sha256:aeba539285dcf0a1ba755945865ec61240ede5432df41d6e29fab305f4384db2",
                "sha256:b15c3f1ed08df4980e02cc79ee058b788a3d0bef2fb3c9ca90bb8cbd5b8a3a04",
                "sha256:c2f91f88230042a130ceb1b496932aa717dcbd665350beb821534c5c7e15881c",
                "sha256:d748ef349bfef2e1194b59da37ed5a29c19ea8d7e6342019921ba2ba4fd8b624",
                "sha256:e0d7447679ae9a7124385ccf0ea990bb85bb869cef217e2ea6c844b6a6855073"
            ],
            "index": "pypi",
            "version": "==1.23.1"
        },
        "pandas": {
            "hashes": [
                "sha256:050aada67a5ec6699a7879e769825b510018a95fb9ac462bb1867483d0974a97",
                "sha256:0959c41004e3d2d16f39c828d6da66ebee329836a7ecee49fb777ac9ad8a7501",
                "sha256:4591cadd06fbbbd16fafc2de6e840c1aaefeae3d5864b688004777ef1bbdede3",
                "sha256:51c424ca134fdaeac9a4acd719d1ab48046afc60943a489028f0413fdbe9ef1c",
                "sha256:785e878a6e6d8ddcdb8c181e600855402750052497d7fc6d6b508894f6b8830b",
                "sha256:799e6a25932df7e6b1f8dabf63de064e2205dc309abb75956126a0453fd88e97",
                "sha256:7cd1d69a387f7d5e1a5a06a87574d9ef2433847c0e78113ab51c84d3a8bcaeaa",
                "sha256:87b4194f344dcd14c0f885cecb22005329b38bda10f1aaf7b9596a00ec8a4768",
                "sha256:8d4d2fe2863ecddb0ba1979bdda26c8bc2ea138f5a979abe3ba80c0fa4015c91",
                "sha256:94f2ed1fd51e545ebf71da1e942fe1822ee01e10d3dd2a7276d01351333b7c6b",
                "sha256:9d2a7a3c1fea668d56bd91edbd5f2732e0af8feb9d2bf8d9bfacb2dea5fa9536",
                "sha256:9d805bce209714b1c1fa29bfb1e42ad87e4c0a825e4b390c56a3e71593b7e8d8",
                "sha256:a08ceb59db499864c58a9bf85ab6219d527d91f14c0240cc25fa2c261032b2a7",
                "sha256:a981cfabf51c318a562deb4ae7deec594c07aee7cf18b4594a92c23718ec8275",
                "sha256:ab6c0d738617b675183e5f28db32b5148b694ad9bba0a40c3ea26d96b431db67",
                "sha256:afbddad78a98ec4d2ce08b384b81730de1ccc975b99eb663e6dac43703f36d98",
                "sha256:c4bb8b0ab9f94207d07e401d24baebfc63057246b1a5e0cd9ee50df85a656871",
                "sha256:ce35f947202b0b99c660221d82beb91d2e6d553d55a40b30128204e3e2c63848",
                "sha256:d0022fe6a313df1c4869b5edc012d734c6519a6fffa3cf70930f32e6a1078e49",
                "sha256:e7cc960959be28d064faefc0cb2aef854d46b827c004ebea7e79b5497ed83e7d",
                "sha256:ee6f1848148ed3204235967613b0a32be2d77f214e9623f554511047705c1e04"
            ],
            "index": "pypi",
            "version": "==1.4.4"
        },
        "python-dateutil": {
            "hashes": [
                "sha256:0123cacc1627ae19ddf3c27a5de5bd67ee4586fbdd6440d9748f8abb483d3e86",
                "sha256:961d03dc3453ebbc59dbdea9e4e11c5651520a876d0f4db161e8674aae935da9"
            ],
            "index": "pypi",
            "version": "==2.8.2"
        },
        "python-dotenv": {
            "hashes": [
                "sha256:1684eb44636dd462b66c3ee016599815514527ad99965de77f43e0944634a7e5",
                "sha256:b77d08274639e3d34145dfa6c7008e66df0f04b7be7a75fd0d5292c191d79045"
            ],
            "index": "pypi",
            "version": "==0.21.0"
        },
        "pytz": {
            "hashes": [
                "sha256:335ab46900b1465e714b4fda4963d87363264eb662aab5e65da039c25f1f5b22",
                "sha256:c4d88f472f54d615e9cd582a5004d1e5f624854a6a27a6211591c251f22a6914"
            ],
            "index": "pypi",
            "version": "==2022.5"
        },
        "requests": {
            "hashes": [
                "sha256:7c5599b102feddaa661c826c56ab4fee28bfd17f5abca1ebbe3e7f19d7c97983",
                "sha256:8fefa2a1a1365bf5520aac41836fbee479da67864514bdb821f31ce07ce65349"
            ],
            "index": "pypi",
            "version": "==2.28.1"
        },
        "six": {
            "hashes": [
                "sha256:1e61c37477a1626458e36f7b1d82aa5c9b094fa4802892072e49de9c60c4c926",
                "sha256:8abb2f1d86890a2dfb989f9a77cfcfd3e47c2a354b01111771326f8aa26e0254"
            ],
            "index": "pypi",
            "version": "==1.16.0"
        },
        "urllib3": {
            "hashes": [
                "sha256:3fa96cf423e6987997fc326ae8df396db2a8b7c667747d47ddd8ecba91f4a74e",
                "sha256:b930dd878d5a8afb066a637fbb35144fe7901e3b209d1cd4f524bd0e9deee997"
            ],
            "index": "pypi",
            "version": "==1.26.12"
        }
    },
    "develop": {}
}
